
Microsoft Visual Studio Solution File, Format Version 12.00
# Visual Studio Version 17
VisualStudioVersion = 17.1.32228.430
MinimumVisualStudioVersion = 10.0.40219.1
Project("{888888A0-9F3D-457C-B088-3A5042F75D52}") = "EEG_testing", "EEG_testing\EEG_testing.pyproj", "{5FF10DD5-CA06-4CB0-A206-F7434C7D9695}"
EndProject
Global
	GlobalSection(SolutionConfigurationPlatforms) = preSolution
		Debug|Any CPU = Debug|Any CPU
		Release|Any CPU = Release|Any CPU
	EndGlobalSection
	GlobalSection(ProjectConfigurationPlatforms) = postSolution
		{5FF10DD5-CA06-4CB0-A206-F7434C7D9695}.Debug|Any CPU.ActiveCfg = Debug|Any CPU
		{5FF10DD5-CA06-4CB0-A206-F7434C7D9695}.Release|Any CPU.ActiveCfg = Release|Any CPU
	EndGlobalSection
	GlobalSection(SolutionProperties) = preSolution
		HideSolutionNode = FALSE
	EndGlobalSection
	GlobalSection(ExtensibilityGlobals) = postSolution
		SolutionGuid = {0BE70DEB-727A-4531-B95E-BC840469E0AD}
	EndGlobalSection
EndGlobal
